
Microsoft Visual Studio Solution File, Format Version 12.00
# Visual Studio Version 17
VisualStudioVersion = 17.8.34309.116
MinimumVisualStudioVersion = 10.0.40219.1
Project("{FAE04EC0-301F-11D3-BF4B-00C04F79EFBC}") = "RecommendedFertilizers", "RecommendedFertilizers.csproj", "{1FCB671E-EA46-4918-ADC3-1D28429A0FC0}"
EndProject
Global
	GlobalSection(SolutionConfigurationPlatforms) = preSolution
		Debug|Any CPU = Debug|Any CPU
		Release|Any CPU = Release|Any CPU
	EndGlobalSection
	GlobalSection(ProjectConfigurationPlatforms) = postSolution
		{1FCB671E-EA46-4918-ADC3-1D28429A0FC0}.Debug|Any CPU.ActiveCfg = Debug|Any CPU
		{1FCB671E-EA46-4918-ADC3-1D28429A0FC0}.Debug|Any CPU.Build.0 = Debug|Any CPU
		{1FCB671E-EA46-4918-ADC3-1D28429A0FC0}.Release|Any CPU.ActiveCfg = Release|Any CPU
		{1FCB671E-EA46-4918-ADC3-1D28429A0FC0}.Release|Any CPU.Build.0 = Release|Any CPU
	EndGlobalSection
	GlobalSection(SolutionProperties) = preSolution
		HideSolutionNode = FALSE
	EndGlobalSection
	GlobalSection(ExtensibilityGlobals) = postSolution
		SolutionGuid = {43577938-DC01-4297-8FBC-563B78D24B8D}
	EndGlobalSection
EndGlobal
